
Microsoft Visual Studio Solution File, Format Version 12.00
# Visual Studio Version 17
VisualStudioVersion = 17.0.31903.59
MinimumVisualStudioVersion = 10.0.40219.1
Project("{2150E333-8FDC-42A3-9474-1A3956D46DE8}") = "src", "src", "{827E0CD3-B72D-47B6-A68D-7590B98EB39B}"
EndProject
Project("{FAE04EC0-301F-11D3-BF4B-00C04F79EFBC}") = "SqlOS", "src\SqlOS\SqlOS.csproj", "{D90F5657-D48F-4817-99EE-A0CC9498A936}"
EndProject
Project("{2150E333-8FDC-42A3-9474-1A3956D46DE8}") = "tests", "tests", "{0AB3BF05-4346-4AA6-1389-037BE0695223}"
EndProject
Project("{FAE04EC0-301F-11D3-BF4B-00C04F79EFBC}") = "SqlOS.Tests", "tests\SqlOS.Tests\SqlOS.Tests.csproj", "{48221CBC-8F98-479F-BE98-AD67DDD86E39}"
EndProject
Project("{FAE04EC0-301F-11D3-BF4B-00C04F79EFBC}") = "SqlOS.IntegrationTests", "tests\SqlOS.IntegrationTests\SqlOS.IntegrationTests.csproj", "{A680FE74-1DEA-42DE-BF70-570D7FEDEC2C}"
EndProject
Project("{FAE04EC0-301F-11D3-BF4B-00C04F79EFBC}") = "SqlOS.IntegrationTests.AppHost", "tests\SqlOS.IntegrationTests.AppHost\SqlOS.IntegrationTests.AppHost.csproj", "{D3B73804-6ED1-4A5E-B232-D9FB2F5D4784}"
EndProject
Project("{2150E333-8FDC-42A3-9474-1A3956D46DE8}") = "examples", "examples", "{B36A84DF-456D-A817-6EDD-3EC3E7F6E11F}"
EndProject
Project("{FAE04EC0-301F-11D3-BF4B-00C04F79EFBC}") = "SqlOS.Example.Api", "examples\SqlOS.Example.Api\SqlOS.Example.Api.csproj", "{77CB3AD8-625C-40BB-B85A-5422BD620449}"
EndProject
Project("{FAE04EC0-301F-11D3-BF4B-00C04F79EFBC}") = "SqlOS.Example.Tests", "examples\SqlOS.Example.Tests\SqlOS.Example.Tests.csproj", "{9AC44EB2-FE52-426F-B349-1FAD593E1CE6}"
EndProject
Project("{FAE04EC0-301F-11D3-BF4B-00C04F79EFBC}") = "SqlOS.Example.IntegrationTests", "examples\SqlOS.Example.IntegrationTests\SqlOS.Example.IntegrationTests.csproj", "{95CE9229-A234-49A0-AB0B-4EC4F7FCCC83}"
EndProject
Project("{FAE04EC0-301F-11D3-BF4B-00C04F79EFBC}") = "SqlOS.Example.AppHost", "examples\SqlOS.Example.AppHost\SqlOS.Example.AppHost.csproj", "{099D534C-ED24-48FF-80DF-118FFED7F305}"
EndProject
Project("{FAE04EC0-301F-11D3-BF4B-00C04F79EFBC}") = "SqlOS.Benchmarks", "tests\SqlOS.Benchmarks\SqlOS.Benchmarks.csproj", "{DEA0F2D8-551E-4034-8BC9-721945FD8A21}"
EndProject
Project("{FAE04EC0-301F-11D3-BF4B-00C04F79EFBC}") = "SqlOS.Todo.Api", "examples\SqlOS.Todo.Api\SqlOS.Todo.Api.csproj", "{E207E981-73D3-4385-865E-C4BA2EA96E28}"
EndProject
Project("{FAE04EC0-301F-11D3-BF4B-00C04F79EFBC}") = "SqlOS.Todo.AppHost", "examples\SqlOS.Todo.AppHost\SqlOS.Todo.AppHost.csproj", "{092AAED7-60EA-4B21-BA96-1DC0A542EC4F}"
EndProject
Project("{FAE04EC0-301F-11D3-BF4B-00C04F79EFBC}") = "SqlOS.Todo.Cli", "examples\SqlOS.Todo.Cli\SqlOS.Todo.Cli.csproj", "{42141840-CADC-4891-A0B8-4A148B9FA916}"
EndProject
Project("{FAE04EC0-301F-11D3-BF4B-00C04F79EFBC}") = "SqlOS.Todo.IntegrationTests", "examples\SqlOS.Todo.IntegrationTests\SqlOS.Todo.IntegrationTests.csproj", "{07FC3461-34EE-4257-B20E-502FAD9E60FE}"
EndProject
Project("{FAE04EC0-301F-11D3-BF4B-00C04F79EFBC}") = "SqlOS.Example.AspNetCoreWeb", "examples\SqlOS.Example.AspNetCoreWeb\SqlOS.Example.AspNetCoreWeb.csproj", "{496897E8-901F-4502-A77A-002B48357F86}"
EndProject
Project("{FAE04EC0-301F-11D3-BF4B-00C04F79EFBC}") = "SqlOS.SignInWithX.AppX", "examples\SqlOS.SignInWithX.AppX\SqlOS.SignInWithX.AppX.csproj", "{CAFD3D56-E7BE-4909-B371-C39E1051E240}"
EndProject
Project("{FAE04EC0-301F-11D3-BF4B-00C04F79EFBC}") = "SqlOS.SignInWithX.AppHost", "examples\SqlOS.SignInWithX.AppHost\SqlOS.SignInWithX.AppHost.csproj", "{03AD5F18-DEF3-4023-956A-A93B455EC826}"
EndProject
Project("{FAE04EC0-301F-11D3-BF4B-00C04F79EFBC}") = "SqlOS.SignInWithX.E2eTests", "examples\SqlOS.SignInWithX.E2eTests\SqlOS.SignInWithX.E2eTests.csproj", "{647D27F3-5574-4ADA-909C-3F634787BF29}"
EndProject
Project("{FAE04EC0-301F-11D3-BF4B-00C04F79EFBC}") = "SqlOS.Example.E2eTests", "examples\SqlOS.Example.E2eTests\SqlOS.Example.E2eTests.csproj", "{2585DD55-00C4-4C25-A104-451F73F7A5EE}"
EndProject
Project("{FAE04EC0-301F-11D3-BF4B-00C04F79EFBC}") = "SqlOS.Todo.E2eTests", "examples\SqlOS.Todo.E2eTests\SqlOS.Todo.E2eTests.csproj", "{4D95B916-3387-480D-B684-8B5996E8CFBF}"
EndProject
Project("{FAE04EC0-301F-11D3-BF4B-00C04F79EFBC}") = "SqlOS.Mcp", "src\SqlOS.Mcp\SqlOS.Mcp.csproj", "{2A51BBD1-6BCE-45C0-8E3A-FEC0A2D47059}"
EndProject
Project("{FAE04EC0-301F-11D3-BF4B-00C04F79EFBC}") = "SqlOS.OneCall.Api", "examples\SqlOS.OneCall.Api\SqlOS.OneCall.Api.csproj", "{79DA1A9E-88C7-41E1-8174-9599FE5777EB}"
EndProject
Global
	GlobalSection(SolutionConfigurationPlatforms) = preSolution
		Debug|Any CPU = Debug|Any CPU
		Debug|x64 = Debug|x64
		Debug|x86 = Debug|x86
		Release|Any CPU = Release|Any CPU
		Release|x64 = Release|x64
		Release|x86 = Release|x86
	EndGlobalSection
	GlobalSection(ProjectConfigurationPlatforms) = postSolution
		{D90F5657-D48F-4817-99EE-A0CC9498A936}.Debug|Any CPU.ActiveCfg = Debug|Any CPU
		{D90F5657-D48F-4817-99EE-A0CC9498A936}.Debug|Any CPU.Build.0 = Debug|Any CPU
		{D90F5657-D48F-4817-99EE-A0CC9498A936}.Debug|x64.ActiveCfg = Debug|Any CPU
		{D90F5657-D48F-4817-99EE-A0CC9498A936}.Debug|x64.Build.0 = Debug|Any CPU
		{D90F5657-D48F-4817-99EE-A0CC9498A936}.Debug|x86.ActiveCfg = Debug|Any CPU
		{D90F5657-D48F-4817-99EE-A0CC9498A936}.Debug|x86.Build.0 = Debug|Any CPU
		{D90F5657-D48F-4817-99EE-A0CC9498A936}.Release|Any CPU.ActiveCfg = Release|Any CPU
		{D90F5657-D48F-4817-99EE-A0CC9498A936}.Release|Any CPU.Build.0 = Release|Any CPU
		{D90F5657-D48F-4817-99EE-A0CC9498A936}.Release|x64.ActiveCfg = Release|Any CPU
		{D90F5657-D48F-4817-99EE-A0CC9498A936}.Release|x64.Build.0 = Release|Any CPU
		{D90F5657-D48F-4817-99EE-A0CC9498A936}.Release|x86.ActiveCfg = Release|Any CPU
		{D90F5657-D48F-4817-99EE-A0CC9498A936}.Release|x86.Build.0 = Release|Any CPU
		{48221CBC-8F98-479F-BE98-AD67DDD86E39}.Debug|Any CPU.ActiveCfg = Debug|Any CPU
		{48221CBC-8F98-479F-BE98-AD67DDD86E39}.Debug|Any CPU.Build.0 = Debug|Any CPU
		{48221CBC-8F98-479F-BE98-AD67DDD86E39}.Debug|x64.ActiveCfg = Debug|Any CPU
		{48221CBC-8F98-479F-BE98-AD67DDD86E39}.Debug|x64.Build.0 = Debug|Any CPU
		{48221CBC-8F98-479F-BE98-AD67DDD86E39}.Debug|x86.ActiveCfg = Debug|Any CPU
		{48221CBC-8F98-479F-BE98-AD67DDD86E39}.Debug|x86.Build.0 = Debug|Any CPU
		{48221CBC-8F98-479F-BE98-AD67DDD86E39}.Release|Any CPU.ActiveCfg = Release|Any CPU
		{48221CBC-8F98-479F-BE98-AD67DDD86E39}.Release|Any CPU.Build.0 = Release|Any CPU
		{48221CBC-8F98-479F-BE98-AD67DDD86E39}.Release|x64.ActiveCfg = Release|Any CPU
		{48221CBC-8F98-479F-BE98-AD67DDD86E39}.Release|x64.Build.0 = Release|Any CPU
		{48221CBC-8F98-479F-BE98-AD67DDD86E39}.Release|x86.ActiveCfg = Release|Any CPU
		{48221CBC-8F98-479F-BE98-AD67DDD86E39}.Release|x86.Build.0 = Release|Any CPU
		{A680FE74-1DEA-42DE-BF70-570D7FEDEC2C}.Debug|Any CPU.ActiveCfg = Debug|Any CPU
		{A680FE74-1DEA-42DE-BF70-570D7FEDEC2C}.Debug|Any CPU.Build.0 = Debug|Any CPU
		{A680FE74-1DEA-42DE-BF70-570D7FEDEC2C}.Debug|x64.ActiveCfg = Debug|Any CPU
		{A680FE74-1DEA-42DE-BF70-570D7FEDEC2C}.Debug|x64.Build.0 = Debug|Any CPU
		{A680FE74-1DEA-42DE-BF70-570D7FEDEC2C}.Debug|x86.ActiveCfg = Debug|Any CPU
		{A680FE74-1DEA-42DE-BF70-570D7FEDEC2C}.Debug|x86.Build.0 = Debug|Any CPU
		{A680FE74-1DEA-42DE-BF70-570D7FEDEC2C}.Release|Any CPU.ActiveCfg = Release|Any CPU
		{A680FE74-1DEA-42DE-BF70-570D7FEDEC2C}.Release|Any CPU.Build.0 = Release|Any CPU
		{A680FE74-1DEA-42DE-BF70-570D7FEDEC2C}.Release|x64.ActiveCfg = Release|Any CPU
		{A680FE74-1DEA-42DE-BF70-570D7FEDEC2C}.Release|x64.Build.0 = Release|Any CPU
		{A680FE74-1DEA-42DE-BF70-570D7FEDEC2C}.Release|x86.ActiveCfg = Release|Any CPU
		{A680FE74-1DEA-42DE-BF70-570D7FEDEC2C}.Release|x86.Build.0 = Release|Any CPU
		{D3B73804-6ED1-4A5E-B232-D9FB2F5D4784}.Debug|Any CPU.ActiveCfg = Debug|Any CPU
		{D3B73804-6ED1-4A5E-B232-D9FB2F5D4784}.Debug|Any CPU.Build.0 = Debug|Any CPU
		{D3B73804-6ED1-4A5E-B232-D9FB2F5D4784}.Debug|x64.ActiveCfg = Debug|Any CPU
		{D3B73804-6ED1-4A5E-B232-D9FB2F5D4784}.Debug|x64.Build.0 = Debug|Any CPU
		{D3B73804-6ED1-4A5E-B232-D9FB2F5D4784}.Debug|x86.ActiveCfg = Debug|Any CPU
		{D3B73804-6ED1-4A5E-B232-D9FB2F5D4784}.Debug|x86.Build.0 = Debug|Any CPU
		{D3B73804-6ED1-4A5E-B232-D9FB2F5D4784}.Release|Any CPU.ActiveCfg = Release|Any CPU
		{D3B73804-6ED1-4A5E-B232-D9FB2F5D4784}.Release|Any CPU.Build.0 = Release|Any CPU
		{D3B73804-6ED1-4A5E-B232-D9FB2F5D4784}.Release|x64.ActiveCfg = Release|Any CPU
		{D3B73804-6ED1-4A5E-B232-D9FB2F5D4784}.Release|x64.Build.0 = Release|Any CPU
		{D3B73804-6ED1-4A5E-B232-D9FB2F5D4784}.Release|x86.ActiveCfg = Release|Any CPU
		{D3B73804-6ED1-4A5E-B232-D9FB2F5D4784}.Release|x86.Build.0 = Release|Any CPU
		{77CB3AD8-625C-40BB-B85A-5422BD620449}.Debug|Any CPU.ActiveCfg = Debug|Any CPU
		{77CB3AD8-625C-40BB-B85A-5422BD620449}.Debug|Any CPU.Build.0 = Debug|Any CPU
		{77CB3AD8-625C-40BB-B85A-5422BD620449}.Debug|x64.ActiveCfg = Debug|Any CPU
		{77CB3AD8-625C-40BB-B85A-5422BD620449}.Debug|x64.Build.0 = Debug|Any CPU
		{77CB3AD8-625C-40BB-B85A-5422BD620449}.Debug|x86.ActiveCfg = Debug|Any CPU
		{77CB3AD8-625C-40BB-B85A-5422BD620449}.Debug|x86.Build.0 = Debug|Any CPU
		{77CB3AD8-625C-40BB-B85A-5422BD620449}.Release|Any CPU.ActiveCfg = Release|Any CPU
		{77CB3AD8-625C-40BB-B85A-5422BD620449}.Release|Any CPU.Build.0 = Release|Any CPU
		{77CB3AD8-625C-40BB-B85A-5422BD620449}.Release|x64.ActiveCfg = Release|Any CPU
		{77CB3AD8-625C-40BB-B85A-5422BD620449}.Release|x64.Build.0 = Release|Any CPU
		{77CB3AD8-625C-40BB-B85A-5422BD620449}.Release|x86.ActiveCfg = Release|Any CPU
		{77CB3AD8-625C-40BB-B85A-5422BD620449}.Release|x86.Build.0 = Release|Any CPU
		{9AC44EB2-FE52-426F-B349-1FAD593E1CE6}.Debug|Any CPU.ActiveCfg = Debug|Any CPU
		{9AC44EB2-FE52-426F-B349-1FAD593E1CE6}.Debug|Any CPU.Build.0 = Debug|Any CPU
		{9AC44EB2-FE52-426F-B349-1FAD593E1CE6}.Debug|x64.ActiveCfg = Debug|Any CPU
		{9AC44EB2-FE52-426F-B349-1FAD593E1CE6}.Debug|x64.Build.0 = Debug|Any CPU
		{9AC44EB2-FE52-426F-B349-1FAD593E1CE6}.Debug|x86.ActiveCfg = Debug|Any CPU
		{9AC44EB2-FE52-426F-B349-1FAD593E1CE6}.Debug|x86.Build.0 = Debug|Any CPU
		{9AC44EB2-FE52-426F-B349-1FAD593E1CE6}.Release|Any CPU.ActiveCfg = Release|Any CPU
		{9AC44EB2-FE52-426F-B349-1FAD593E1CE6}.Release|Any CPU.Build.0 = Release|Any CPU
		{9AC44EB2-FE52-426F-B349-1FAD593E1CE6}.Release|x64.ActiveCfg = Release|Any CPU
		{9AC44EB2-FE52-426F-B349-1FAD593E1CE6}.Release|x64.Build.0 = Release|Any CPU
		{9AC44EB2-FE52-426F-B349-1FAD593E1CE6}.Release|x86.ActiveCfg = Release|Any CPU
		{9AC44EB2-FE52-426F-B349-1FAD593E1CE6}.Release|x86.Build.0 = Release|Any CPU
		{95CE9229-A234-49A0-AB0B-4EC4F7FCCC83}.Debug|Any CPU.ActiveCfg = Debug|Any CPU
		{95CE9229-A234-49A0-AB0B-4EC4F7FCCC83}.Debug|Any CPU.Build.0 = Debug|Any CPU
		{95CE9229-A234-49A0-AB0B-4EC4F7FCCC83}.Debug|x64.ActiveCfg = Debug|Any CPU
		{95CE9229-A234-49A0-AB0B-4EC4F7FCCC83}.Debug|x64.Build.0 = Debug|Any CPU
		{95CE9229-A234-49A0-AB0B-4EC4F7FCCC83}.Debug|x86.ActiveCfg = Debug|Any CPU
		{95CE9229-A234-49A0-AB0B-4EC4F7FCCC83}.Debug|x86.Build.0 = Debug|Any CPU
		{95CE9229-A234-49A0-AB0B-4EC4F7FCCC83}.Release|Any CPU.ActiveCfg = Release|Any CPU
		{95CE9229-A234-49A0-AB0B-4EC4F7FCCC83}.Release|Any CPU.Build.0 = Release|Any CPU
		{95CE9229-A234-49A0-AB0B-4EC4F7FCCC83}.Release|x64.ActiveCfg = Release|Any CPU
		{95CE9229-A234-49A0-AB0B-4EC4F7FCCC83}.Release|x64.Build.0 = Release|Any CPU
		{95CE9229-A234-49A0-AB0B-4EC4F7FCCC83}.Release|x86.ActiveCfg = Release|Any CPU
		{95CE9229-A234-49A0-AB0B-4EC4F7FCCC83}.Release|x86.Build.0 = Release|Any CPU
		{099D534C-ED24-48FF-80DF-118FFED7F305}.Debug|Any CPU.ActiveCfg = Debug|Any CPU
		{099D534C-ED24-48FF-80DF-118FFED7F305}.Debug|Any CPU.Build.0 = Debug|Any CPU
		{099D534C-ED24-48FF-80DF-118FFED7F305}.Debug|x64.ActiveCfg = Debug|Any CPU
		{099D534C-ED24-48FF-80DF-118FFED7F305}.Debug|x64.Build.0 = Debug|Any CPU
		{099D534C-ED24-48FF-80DF-118FFED7F305}.Debug|x86.ActiveCfg = Debug|Any CPU
		{099D534C-ED24-48FF-80DF-118FFED7F305}.Debug|x86.Build.0 = Debug|Any CPU
		{099D534C-ED24-48FF-80DF-118FFED7F305}.Release|Any CPU.ActiveCfg = Release|Any CPU
		{099D534C-ED24-48FF-80DF-118FFED7F305}.Release|Any CPU.Build.0 = Release|Any CPU
		{099D534C-ED24-48FF-80DF-118FFED7F305}.Release|x64.ActiveCfg = Release|Any CPU
		{099D534C-ED24-48FF-80DF-118FFED7F305}.Release|x64.Build.0 = Release|Any CPU
		{099D534C-ED24-48FF-80DF-118FFED7F305}.Release|x86.ActiveCfg = Release|Any CPU
		{099D534C-ED24-48FF-80DF-118FFED7F305}.Release|x86.Build.0 = Release|Any CPU
		{DEA0F2D8-551E-4034-8BC9-721945FD8A21}.Debug|Any CPU.ActiveCfg = Debug|Any CPU
		{DEA0F2D8-551E-4034-8BC9-721945FD8A21}.Debug|Any CPU.Build.0 = Debug|Any CPU
		{DEA0F2D8-551E-4034-8BC9-721945FD8A21}.Debug|x64.ActiveCfg = Debug|Any CPU
		{DEA0F2D8-551E-4034-8BC9-721945FD8A21}.Debug|x64.Build.0 = Debug|Any CPU
		{DEA0F2D8-551E-4034-8BC9-721945FD8A21}.Debug|x86.ActiveCfg = Debug|Any CPU
		{DEA0F2D8-551E-4034-8BC9-721945FD8A21}.Debug|x86.Build.0 = Debug|Any CPU
		{DEA0F2D8-551E-4034-8BC9-721945FD8A21}.Release|Any CPU.ActiveCfg = Release|Any CPU
		{DEA0F2D8-551E-4034-8BC9-721945FD8A21}.Release|Any CPU.Build.0 = Release|Any CPU
		{DEA0F2D8-551E-4034-8BC9-721945FD8A21}.Release|x64.ActiveCfg = Release|Any CPU
		{DEA0F2D8-551E-4034-8BC9-721945FD8A21}.Release|x64.Build.0 = Release|Any CPU
		{DEA0F2D8-551E-4034-8BC9-721945FD8A21}.Release|x86.ActiveCfg = Release|Any CPU
		{DEA0F2D8-551E-4034-8BC9-721945FD8A21}.Release|x86.Build.0 = Release|Any CPU
		{E207E981-73D3-4385-865E-C4BA2EA96E28}.Debug|Any CPU.ActiveCfg = Debug|Any CPU
		{E207E981-73D3-4385-865E-C4BA2EA96E28}.Debug|Any CPU.Build.0 = Debug|Any CPU
		{E207E981-73D3-4385-865E-C4BA2EA96E28}.Debug|x64.ActiveCfg = Debug|Any CPU
		{E207E981-73D3-4385-865E-C4BA2EA96E28}.Debug|x64.Build.0 = Debug|Any CPU
		{E207E981-73D3-4385-865E-C4BA2EA96E28}.Debug|x86.ActiveCfg = Debug|Any CPU
		{E207E981-73D3-4385-865E-C4BA2EA96E28}.Debug|x86.Build.0 = Debug|Any CPU
		{E207E981-73D3-4385-865E-C4BA2EA96E28}.Release|Any CPU.ActiveCfg = Release|Any CPU
		{E207E981-73D3-4385-865E-C4BA2EA96E28}.Release|Any CPU.Build.0 = Release|Any CPU
		{E207E981-73D3-4385-865E-C4BA2EA96E28}.Release|x64.ActiveCfg = Release|Any CPU
		{E207E981-73D3-4385-865E-C4BA2EA96E28}.Release|x64.Build.0 = Release|Any CPU
		{E207E981-73D3-4385-865E-C4BA2EA96E28}.Release|x86.ActiveCfg = Release|Any CPU
		{E207E981-73D3-4385-865E-C4BA2EA96E28}.Release|x86.Build.0 = Release|Any CPU
		{092AAED7-60EA-4B21-BA96-1DC0A542EC4F}.Debug|Any CPU.ActiveCfg = Debug|Any CPU
		{092AAED7-60EA-4B21-BA96-1DC0A542EC4F}.Debug|Any CPU.Build.0 = Debug|Any CPU
		{092AAED7-60EA-4B21-BA96-1DC0A542EC4F}.Debug|x64.ActiveCfg = Debug|Any CPU
		{092AAED7-60EA-4B21-BA96-1DC0A542EC4F}.Debug|x64.Build.0 = Debug|Any CPU
		{092AAED7-60EA-4B21-BA96-1DC0A542EC4F}.Debug|x86.ActiveCfg = Debug|Any CPU
		{092AAED7-60EA-4B21-BA96-1DC0A542EC4F}.Debug|x86.Build.0 = Debug|Any CPU
		{092AAED7-60EA-4B21-BA96-1DC0A542EC4F}.Release|Any CPU.ActiveCfg = Release|Any CPU
		{092AAED7-60EA-4B21-BA96-1DC0A542EC4F}.Release|Any CPU.Build.0 = Release|Any CPU
		{092AAED7-60EA-4B21-BA96-1DC0A542EC4F}.Release|x64.ActiveCfg = Release|Any CPU
		{092AAED7-60EA-4B21-BA96-1DC0A542EC4F}.Release|x64.Build.0 = Release|Any CPU
		{092AAED7-60EA-4B21-BA96-1DC0A542EC4F}.Release|x86.ActiveCfg = Release|Any CPU
		{092AAED7-60EA-4B21-BA96-1DC0A542EC4F}.Release|x86.Build.0 = Release|Any CPU
		{42141840-CADC-4891-A0B8-4A148B9FA916}.Debug|Any CPU.ActiveCfg = Debug|Any CPU
		{42141840-CADC-4891-A0B8-4A148B9FA916}.Debug|Any CPU.Build.0 = Debug|Any CPU
		{42141840-CADC-4891-A0B8-4A148B9FA916}.Debug|x64.ActiveCfg = Debug|Any CPU
		{42141840-CADC-4891-A0B8-4A148B9FA916}.Debug|x64.Build.0 = Debug|Any CPU
		{42141840-CADC-4891-A0B8-4A148B9FA916}.Debug|x86.ActiveCfg = Debug|Any CPU
		{42141840-CADC-4891-A0B8-4A148B9FA916}.Debug|x86.Build.0 = Debug|Any CPU
		{42141840-CADC-4891-A0B8-4A148B9FA916}.Release|Any CPU.ActiveCfg = Release|Any CPU
		{42141840-CADC-4891-A0B8-4A148B9FA916}.Release|Any CPU.Build.0 = Release|Any CPU
		{42141840-CADC-4891-A0B8-4A148B9FA916}.Release|x64.ActiveCfg = Release|Any CPU
		{42141840-CADC-4891-A0B8-4A148B9FA916}.Release|x64.Build.0 = Release|Any CPU
		{42141840-CADC-4891-A0B8-4A148B9FA916}.Release|x86.ActiveCfg = Release|Any CPU
		{42141840-CADC-4891-A0B8-4A148B9FA916}.Release|x86.Build.0 = Release|Any CPU
		{07FC3461-34EE-4257-B20E-502FAD9E60FE}.Debug|Any CPU.ActiveCfg = Debug|Any CPU
		{07FC3461-34EE-4257-B20E-502FAD9E60FE}.Debug|Any CPU.Build.0 = Debug|Any CPU
		{07FC3461-34EE-4257-B20E-502FAD9E60FE}.Debug|x64.ActiveCfg = Debug|Any CPU
		{07FC3461-34EE-4257-B20E-502FAD9E60FE}.Debug|x64.Build.0 = Debug|Any CPU
		{07FC3461-34EE-4257-B20E-502FAD9E60FE}.Debug|x86.ActiveCfg = Debug|Any CPU
		{07FC3461-34EE-4257-B20E-502FAD9E60FE}.Debug|x86.Build.0 = Debug|Any CPU
		{07FC3461-34EE-4257-B20E-502FAD9E60FE}.Release|Any CPU.ActiveCfg = Release|Any CPU
		{07FC3461-34EE-4257-B20E-502FAD9E60FE}.Release|Any CPU.Build.0 = Release|Any CPU
		{07FC3461-34EE-4257-B20E-502FAD9E60FE}.Release|x64.ActiveCfg = Release|Any CPU
		{07FC3461-34EE-4257-B20E-502FAD9E60FE}.Release|x64.Build.0 = Release|Any CPU
		{07FC3461-34EE-4257-B20E-502FAD9E60FE}.Release|x86.ActiveCfg = Release|Any CPU
		{07FC3461-34EE-4257-B20E-502FAD9E60FE}.Release|x86.Build.0 = Release|Any CPU
		{496897E8-901F-4502-A77A-002B48357F86}.Debug|Any CPU.ActiveCfg = Debug|Any CPU
		{496897E8-901F-4502-A77A-002B48357F86}.Debug|Any CPU.Build.0 = Debug|Any CPU
		{496897E8-901F-4502-A77A-002B48357F86}.Debug|x64.ActiveCfg = Debug|Any CPU
		{496897E8-901F-4502-A77A-002B48357F86}.Debug|x64.Build.0 = Debug|Any CPU
		{496897E8-901F-4502-A77A-002B48357F86}.Debug|x86.ActiveCfg = Debug|Any CPU
		{496897E8-901F-4502-A77A-002B48357F86}.Debug|x86.Build.0 = Debug|Any CPU
		{496897E8-901F-4502-A77A-002B48357F86}.Release|Any CPU.ActiveCfg = Release|Any CPU
		{496897E8-901F-4502-A77A-002B48357F86}.Release|Any CPU.Build.0 = Release|Any CPU
		{496897E8-901F-4502-A77A-002B48357F86}.Release|x64.ActiveCfg = Release|Any CPU
		{496897E8-901F-4502-A77A-002B48357F86}.Release|x64.Build.0 = Release|Any CPU
		{496897E8-901F-4502-A77A-002B48357F86}.Release|x86.ActiveCfg = Release|Any CPU
		{496897E8-901F-4502-A77A-002B48357F86}.Release|x86.Build.0 = Release|Any CPU
		{CAFD3D56-E7BE-4909-B371-C39E1051E240}.Debug|Any CPU.ActiveCfg = Debug|Any CPU
		{CAFD3D56-E7BE-4909-B371-C39E1051E240}.Debug|Any CPU.Build.0 = Debug|Any CPU
		{CAFD3D56-E7BE-4909-B371-C39E1051E240}.Debug|x64.ActiveCfg = Debug|Any CPU
		{CAFD3D56-E7BE-4909-B371-C39E1051E240}.Debug|x64.Build.0 = Debug|Any CPU
		{CAFD3D56-E7BE-4909-B371-C39E1051E240}.Debug|x86.ActiveCfg = Debug|Any CPU
		{CAFD3D56-E7BE-4909-B371-C39E1051E240}.Debug|x86.Build.0 = Debug|Any CPU
		{CAFD3D56-E7BE-4909-B371-C39E1051E240}.Release|Any CPU.ActiveCfg = Release|Any CPU
		{CAFD3D56-E7BE-4909-B371-C39E1051E240}.Release|Any CPU.Build.0 = Release|Any CPU
		{CAFD3D56-E7BE-4909-B371-C39E1051E240}.Release|x64.ActiveCfg = Release|Any CPU
		{CAFD3D56-E7BE-4909-B371-C39E1051E240}.Release|x64.Build.0 = Release|Any CPU
		{CAFD3D56-E7BE-4909-B371-C39E1051E240}.Release|x86.ActiveCfg = Release|Any CPU
		{CAFD3D56-E7BE-4909-B371-C39E1051E240}.Release|x86.Build.0 = Release|Any CPU
		{03AD5F18-DEF3-4023-956A-A93B455EC826}.Debug|Any CPU.ActiveCfg = Debug|Any CPU
		{03AD5F18-DEF3-4023-956A-A93B455EC826}.Debug|Any CPU.Build.0 = Debug|Any CPU
		{03AD5F18-DEF3-4023-956A-A93B455EC826}.Debug|x64.ActiveCfg = Debug|Any CPU
		{03AD5F18-DEF3-4023-956A-A93B455EC826}.Debug|x64.Build.0 = Debug|Any CPU
		{03AD5F18-DEF3-4023-956A-A93B455EC826}.Debug|x86.ActiveCfg = Debug|Any CPU
		{03AD5F18-DEF3-4023-956A-A93B455EC826}.Debug|x86.Build.0 = Debug|Any CPU
		{03AD5F18-DEF3-4023-956A-A93B455EC826}.Release|Any CPU.ActiveCfg = Release|Any CPU
		{03AD5F18-DEF3-4023-956A-A93B455EC826}.Release|Any CPU.Build.0 = Release|Any CPU
		{03AD5F18-DEF3-4023-956A-A93B455EC826}.Release|x64.ActiveCfg = Release|Any CPU
		{03AD5F18-DEF3-4023-956A-A93B455EC826}.Release|x64.Build.0 = Release|Any CPU
		{03AD5F18-DEF3-4023-956A-A93B455EC826}.Release|x86.ActiveCfg = Release|Any CPU
		{03AD5F18-DEF3-4023-956A-A93B455EC826}.Release|x86.Build.0 = Release|Any CPU
		{647D27F3-5574-4ADA-909C-3F634787BF29}.Debug|Any CPU.ActiveCfg = Debug|Any CPU
		{647D27F3-5574-4ADA-909C-3F634787BF29}.Debug|Any CPU.Build.0 = Debug|Any CPU
		{647D27F3-5574-4ADA-909C-3F634787BF29}.Debug|x64.ActiveCfg = Debug|Any CPU
		{647D27F3-5574-4ADA-909C-3F634787BF29}.Debug|x64.Build.0 = Debug|Any CPU
		{647D27F3-5574-4ADA-909C-3F634787BF29}.Debug|x86.ActiveCfg = Debug|Any CPU
		{647D27F3-5574-4ADA-909C-3F634787BF29}.Debug|x86.Build.0 = Debug|Any CPU
		{647D27F3-5574-4ADA-909C-3F634787BF29}.Release|Any CPU.ActiveCfg = Release|Any CPU
		{647D27F3-5574-4ADA-909C-3F634787BF29}.Release|Any CPU.Build.0 = Release|Any CPU
		{647D27F3-5574-4ADA-909C-3F634787BF29}.Release|x64.ActiveCfg = Release|Any CPU
		{647D27F3-5574-4ADA-909C-3F634787BF29}.Release|x64.Build.0 = Release|Any CPU
		{647D27F3-5574-4ADA-909C-3F634787BF29}.Release|x86.ActiveCfg = Release|Any CPU
		{647D27F3-5574-4ADA-909C-3F634787BF29}.Release|x86.Build.0 = Release|Any CPU
		{2585DD55-00C4-4C25-A104-451F73F7A5EE}.Debug|Any CPU.ActiveCfg = Debug|Any CPU
		{2585DD55-00C4-4C25-A104-451F73F7A5EE}.Debug|Any CPU.Build.0 = Debug|Any CPU
		{2585DD55-00C4-4C25-A104-451F73F7A5EE}.Debug|x64.ActiveCfg = Debug|Any CPU
		{2585DD55-00C4-4C25-A104-451F73F7A5EE}.Debug|x64.Build.0 = Debug|Any CPU
		{2585DD55-00C4-4C25-A104-451F73F7A5EE}.Debug|x86.ActiveCfg = Debug|Any CPU
		{2585DD55-00C4-4C25-A104-451F73F7A5EE}.Debug|x86.Build.0 = Debug|Any CPU
		{2585DD55-00C4-4C25-A104-451F73F7A5EE}.Release|Any CPU.ActiveCfg = Release|Any CPU
		{2585DD55-00C4-4C25-A104-451F73F7A5EE}.Release|Any CPU.Build.0 = Release|Any CPU
		{2585DD55-00C4-4C25-A104-451F73F7A5EE}.Release|x64.ActiveCfg = Release|Any CPU
		{2585DD55-00C4-4C25-A104-451F73F7A5EE}.Release|x64.Build.0 = Release|Any CPU
		{2585DD55-00C4-4C25-A104-451F73F7A5EE}.Release|x86.ActiveCfg = Release|Any CPU
		{2585DD55-00C4-4C25-A104-451F73F7A5EE}.Release|x86.Build.0 = Release|Any CPU
		{4D95B916-3387-480D-B684-8B5996E8CFBF}.Debug|Any CPU.ActiveCfg = Debug|Any CPU
		{4D95B916-3387-480D-B684-8B5996E8CFBF}.Debug|Any CPU.Build.0 = Debug|Any CPU
		{4D95B916-3387-480D-B684-8B5996E8CFBF}.Debug|x64.ActiveCfg = Debug|Any CPU
		{4D95B916-3387-480D-B684-8B5996E8CFBF}.Debug|x64.Build.0 = Debug|Any CPU
		{4D95B916-3387-480D-B684-8B5996E8CFBF}.Debug|x86.ActiveCfg = Debug|Any CPU
		{4D95B916-3387-480D-B684-8B5996E8CFBF}.Debug|x86.Build.0 = Debug|Any CPU
		{4D95B916-3387-480D-B684-8B5996E8CFBF}.Release|Any CPU.ActiveCfg = Release|Any CPU
		{4D95B916-3387-480D-B684-8B5996E8CFBF}.Release|Any CPU.Build.0 = Release|Any CPU
		{4D95B916-3387-480D-B684-8B5996E8CFBF}.Release|x64.ActiveCfg = Release|Any CPU
		{4D95B916-3387-480D-B684-8B5996E8CFBF}.Release|x64.Build.0 = Release|Any CPU
		{4D95B916-3387-480D-B684-8B5996E8CFBF}.Release|x86.ActiveCfg = Release|Any CPU
		{4D95B916-3387-480D-B684-8B5996E8CFBF}.Release|x86.Build.0 = Release|Any CPU
		{2A51BBD1-6BCE-45C0-8E3A-FEC0A2D47059}.Debug|Any CPU.ActiveCfg = Debug|Any CPU
		{2A51BBD1-6BCE-45C0-8E3A-FEC0A2D47059}.Debug|Any CPU.Build.0 = Debug|Any CPU
		{2A51BBD1-6BCE-45C0-8E3A-FEC0A2D47059}.Debug|x64.ActiveCfg = Debug|Any CPU
		{2A51BBD1-6BCE-45C0-8E3A-FEC0A2D47059}.Debug|x64.Build.0 = Debug|Any CPU
		{2A51BBD1-6BCE-45C0-8E3A-FEC0A2D47059}.Debug|x86.ActiveCfg = Debug|Any CPU
		{2A51BBD1-6BCE-45C0-8E3A-FEC0A2D47059}.Debug|x86.Build.0 = Debug|Any CPU
		{2A51BBD1-6BCE-45C0-8E3A-FEC0A2D47059}.Release|Any CPU.ActiveCfg = Release|Any CPU
		{2A51BBD1-6BCE-45C0-8E3A-FEC0A2D47059}.Release|Any CPU.Build.0 = Release|Any CPU
		{2A51BBD1-6BCE-45C0-8E3A-FEC0A2D47059}.Release|x64.ActiveCfg = Release|Any CPU
		{2A51BBD1-6BCE-45C0-8E3A-FEC0A2D47059}.Release|x64.Build.0 = Release|Any CPU
		{2A51BBD1-6BCE-45C0-8E3A-FEC0A2D47059}.Release|x86.ActiveCfg = Release|Any CPU
		{2A51BBD1-6BCE-45C0-8E3A-FEC0A2D47059}.Release|x86.Build.0 = Release|Any CPU
		{79DA1A9E-88C7-41E1-8174-9599FE5777EB}.Debug|Any CPU.ActiveCfg = Debug|Any CPU
		{79DA1A9E-88C7-41E1-8174-9599FE5777EB}.Debug|Any CPU.Build.0 = Debug|Any CPU
		{79DA1A9E-88C7-41E1-8174-9599FE5777EB}.Debug|x64.ActiveCfg = Debug|Any CPU
		{79DA1A9E-88C7-41E1-8174-9599FE5777EB}.Debug|x64.Build.0 = Debug|Any CPU
		{79DA1A9E-88C7-41E1-8174-9599FE5777EB}.Debug|x86.ActiveCfg = Debug|Any CPU
		{79DA1A9E-88C7-41E1-8174-9599FE5777EB}.Debug|x86.Build.0 = Debug|Any CPU
		{79DA1A9E-88C7-41E1-8174-9599FE5777EB}.Release|Any CPU.ActiveCfg = Release|Any CPU
		{79DA1A9E-88C7-41E1-8174-9599FE5777EB}.Release|Any CPU.Build.0 = Release|Any CPU
		{79DA1A9E-88C7-41E1-8174-9599FE5777EB}.Release|x64.ActiveCfg = Release|Any CPU
		{79DA1A9E-88C7-41E1-8174-9599FE5777EB}.Release|x64.Build.0 = Release|Any CPU
		{79DA1A9E-88C7-41E1-8174-9599FE5777EB}.Release|x86.ActiveCfg = Release|Any CPU
		{79DA1A9E-88C7-41E1-8174-9599FE5777EB}.Release|x86.Build.0 = Release|Any CPU
	EndGlobalSection
	GlobalSection(SolutionProperties) = preSolution
		HideSolutionNode = FALSE
	EndGlobalSection
	GlobalSection(NestedProjects) = preSolution
		{D90F5657-D48F-4817-99EE-A0CC9498A936} = {827E0CD3-B72D-47B6-A68D-7590B98EB39B}
		{48221CBC-8F98-479F-BE98-AD67DDD86E39} = {0AB3BF05-4346-4AA6-1389-037BE0695223}
		{A680FE74-1DEA-42DE-BF70-570D7FEDEC2C} = {0AB3BF05-4346-4AA6-1389-037BE0695223}
		{D3B73804-6ED1-4A5E-B232-D9FB2F5D4784} = {0AB3BF05-4346-4AA6-1389-037BE0695223}
		{77CB3AD8-625C-40BB-B85A-5422BD620449} = {B36A84DF-456D-A817-6EDD-3EC3E7F6E11F}
		{9AC44EB2-FE52-426F-B349-1FAD593E1CE6} = {B36A84DF-456D-A817-6EDD-3EC3E7F6E11F}
		{95CE9229-A234-49A0-AB0B-4EC4F7FCCC83} = {B36A84DF-456D-A817-6EDD-3EC3E7F6E11F}
		{099D534C-ED24-48FF-80DF-118FFED7F305} = {B36A84DF-456D-A817-6EDD-3EC3E7F6E11F}
		{DEA0F2D8-551E-4034-8BC9-721945FD8A21} = {0AB3BF05-4346-4AA6-1389-037BE0695223}
		{E207E981-73D3-4385-865E-C4BA2EA96E28} = {B36A84DF-456D-A817-6EDD-3EC3E7F6E11F}
		{092AAED7-60EA-4B21-BA96-1DC0A542EC4F} = {B36A84DF-456D-A817-6EDD-3EC3E7F6E11F}
		{42141840-CADC-4891-A0B8-4A148B9FA916} = {B36A84DF-456D-A817-6EDD-3EC3E7F6E11F}
		{07FC3461-34EE-4257-B20E-502FAD9E60FE} = {B36A84DF-456D-A817-6EDD-3EC3E7F6E11F}
		{496897E8-901F-4502-A77A-002B48357F86} = {B36A84DF-456D-A817-6EDD-3EC3E7F6E11F}
		{CAFD3D56-E7BE-4909-B371-C39E1051E240} = {B36A84DF-456D-A817-6EDD-3EC3E7F6E11F}
		{03AD5F18-DEF3-4023-956A-A93B455EC826} = {B36A84DF-456D-A817-6EDD-3EC3E7F6E11F}
		{647D27F3-5574-4ADA-909C-3F634787BF29} = {B36A84DF-456D-A817-6EDD-3EC3E7F6E11F}
		{2585DD55-00C4-4C25-A104-451F73F7A5EE} = {B36A84DF-456D-A817-6EDD-3EC3E7F6E11F}
		{4D95B916-3387-480D-B684-8B5996E8CFBF} = {B36A84DF-456D-A817-6EDD-3EC3E7F6E11F}
		{2A51BBD1-6BCE-45C0-8E3A-FEC0A2D47059} = {827E0CD3-B72D-47B6-A68D-7590B98EB39B}
		{79DA1A9E-88C7-41E1-8174-9599FE5777EB} = {B36A84DF-456D-A817-6EDD-3EC3E7F6E11F}
	EndGlobalSection
EndGlobal
