
Microsoft Visual Studio Solution File, Format Version 12.00
# Visual Studio Version 17
VisualStudioVersion = 17.0.31903.59
MinimumVisualStudioVersion = 10.0.40219.1
Project("{2150E333-8FDC-42A3-9474-1A3956D46DE8}") = "src", "src", "{827E0CD3-B72D-47B6-A68D-7590B98EB39B}"
EndProject
Project("{FAE04EC0-301F-11D3-BF4B-00C04F79EFBC}") = "Sqlzibar", "src\Sqlzibar\Sqlzibar.csproj", "{4B221562-4544-4783-A53D-F774D71A0932}"
EndProject
Project("{2150E333-8FDC-42A3-9474-1A3956D46DE8}") = "tests", "tests", "{0AB3BF05-4346-4AA6-1389-037BE0695223}"
EndProject
Project("{FAE04EC0-301F-11D3-BF4B-00C04F79EFBC}") = "Sqlzibar.Tests", "tests\Sqlzibar.Tests\Sqlzibar.Tests.csproj", "{F78D052B-4802-434A-850A-2EB6E2C33221}"
EndProject
Project("{FAE04EC0-301F-11D3-BF4B-00C04F79EFBC}") = "Sqlzibar.IntegrationTests", "tests\Sqlzibar.IntegrationTests\Sqlzibar.IntegrationTests.csproj", "{275767F2-1B8F-41A8-81BD-3F44D5494B3D}"
EndProject
Project("{2150E333-8FDC-42A3-9474-1A3956D46DE8}") = "examples", "examples", "{B36A84DF-456D-A817-6EDD-3EC3E7F6E11F}"
EndProject
Project("{FAE04EC0-301F-11D3-BF4B-00C04F79EFBC}") = "Sqlzibar.Example.Api", "examples\Sqlzibar.Example.Api\Sqlzibar.Example.Api.csproj", "{0EED76E0-1C27-47CA-9287-9BD80E6FEE33}"
EndProject
Project("{FAE04EC0-301F-11D3-BF4B-00C04F79EFBC}") = "Sqlzibar.Example.Tests", "examples\Sqlzibar.Example.Tests\Sqlzibar.Example.Tests.csproj", "{031BF2A0-0423-4A82-B4C9-94007E7323BE}"
EndProject
Project("{FAE04EC0-301F-11D3-BF4B-00C04F79EFBC}") = "Sqlzibar.Example.IntegrationTests", "examples\Sqlzibar.Example.IntegrationTests\Sqlzibar.Example.IntegrationTests.csproj", "{4C361790-245F-4124-A413-A2B0719A638F}"
EndProject
Global
	GlobalSection(SolutionConfigurationPlatforms) = preSolution
		Debug|Any CPU = Debug|Any CPU
		Debug|x64 = Debug|x64
		Debug|x86 = Debug|x86
		Release|Any CPU = Release|Any CPU
		Release|x64 = Release|x64
		Release|x86 = Release|x86
	EndGlobalSection
	GlobalSection(ProjectConfigurationPlatforms) = postSolution
		{4B221562-4544-4783-A53D-F774D71A0932}.Debug|Any CPU.ActiveCfg = Debug|Any CPU
		{4B221562-4544-4783-A53D-F774D71A0932}.Debug|Any CPU.Build.0 = Debug|Any CPU
		{4B221562-4544-4783-A53D-F774D71A0932}.Debug|x64.ActiveCfg = Debug|Any CPU
		{4B221562-4544-4783-A53D-F774D71A0932}.Debug|x64.Build.0 = Debug|Any CPU
		{4B221562-4544-4783-A53D-F774D71A0932}.Debug|x86.ActiveCfg = Debug|Any CPU
		{4B221562-4544-4783-A53D-F774D71A0932}.Debug|x86.Build.0 = Debug|Any CPU
		{4B221562-4544-4783-A53D-F774D71A0932}.Release|Any CPU.ActiveCfg = Release|Any CPU
		{4B221562-4544-4783-A53D-F774D71A0932}.Release|Any CPU.Build.0 = Release|Any CPU
		{4B221562-4544-4783-A53D-F774D71A0932}.Release|x64.ActiveCfg = Release|Any CPU
		{4B221562-4544-4783-A53D-F774D71A0932}.Release|x64.Build.0 = Release|Any CPU
		{4B221562-4544-4783-A53D-F774D71A0932}.Release|x86.ActiveCfg = Release|Any CPU
		{4B221562-4544-4783-A53D-F774D71A0932}.Release|x86.Build.0 = Release|Any CPU
		{F78D052B-4802-434A-850A-2EB6E2C33221}.Debug|Any CPU.ActiveCfg = Debug|Any CPU
		{F78D052B-4802-434A-850A-2EB6E2C33221}.Debug|Any CPU.Build.0 = Debug|Any CPU
		{F78D052B-4802-434A-850A-2EB6E2C33221}.Debug|x64.ActiveCfg = Debug|Any CPU
		{F78D052B-4802-434A-850A-2EB6E2C33221}.Debug|x64.Build.0 = Debug|Any CPU
		{F78D052B-4802-434A-850A-2EB6E2C33221}.Debug|x86.ActiveCfg = Debug|Any CPU
		{F78D052B-4802-434A-850A-2EB6E2C33221}.Debug|x86.Build.0 = Debug|Any CPU
		{F78D052B-4802-434A-850A-2EB6E2C33221}.Release|Any CPU.ActiveCfg = Release|Any CPU
		{F78D052B-4802-434A-850A-2EB6E2C33221}.Release|Any CPU.Build.0 = Release|Any CPU
		{F78D052B-4802-434A-850A-2EB6E2C33221}.Release|x64.ActiveCfg = Release|Any CPU
		{F78D052B-4802-434A-850A-2EB6E2C33221}.Release|x64.Build.0 = Release|Any CPU
		{F78D052B-4802-434A-850A-2EB6E2C33221}.Release|x86.ActiveCfg = Release|Any CPU
		{F78D052B-4802-434A-850A-2EB6E2C33221}.Release|x86.Build.0 = Release|Any CPU
		{275767F2-1B8F-41A8-81BD-3F44D5494B3D}.Debug|Any CPU.ActiveCfg = Debug|Any CPU
		{275767F2-1B8F-41A8-81BD-3F44D5494B3D}.Debug|Any CPU.Build.0 = Debug|Any CPU
		{275767F2-1B8F-41A8-81BD-3F44D5494B3D}.Debug|x64.ActiveCfg = Debug|Any CPU
		{275767F2-1B8F-41A8-81BD-3F44D5494B3D}.Debug|x64.Build.0 = Debug|Any CPU
		{275767F2-1B8F-41A8-81BD-3F44D5494B3D}.Debug|x86.ActiveCfg = Debug|Any CPU
		{275767F2-1B8F-41A8-81BD-3F44D5494B3D}.Debug|x86.Build.0 = Debug|Any CPU
		{275767F2-1B8F-41A8-81BD-3F44D5494B3D}.Release|Any CPU.ActiveCfg = Release|Any CPU
		{275767F2-1B8F-41A8-81BD-3F44D5494B3D}.Release|Any CPU.Build.0 = Release|Any CPU
		{275767F2-1B8F-41A8-81BD-3F44D5494B3D}.Release|x64.ActiveCfg = Release|Any CPU
		{275767F2-1B8F-41A8-81BD-3F44D5494B3D}.Release|x64.Build.0 = Release|Any CPU
		{275767F2-1B8F-41A8-81BD-3F44D5494B3D}.Release|x86.ActiveCfg = Release|Any CPU
		{275767F2-1B8F-41A8-81BD-3F44D5494B3D}.Release|x86.Build.0 = Release|Any CPU
		{0EED76E0-1C27-47CA-9287-9BD80E6FEE33}.Debug|Any CPU.ActiveCfg = Debug|Any CPU
		{0EED76E0-1C27-47CA-9287-9BD80E6FEE33}.Debug|Any CPU.Build.0 = Debug|Any CPU
		{0EED76E0-1C27-47CA-9287-9BD80E6FEE33}.Debug|x64.ActiveCfg = Debug|Any CPU
		{0EED76E0-1C27-47CA-9287-9BD80E6FEE33}.Debug|x64.Build.0 = Debug|Any CPU
		{0EED76E0-1C27-47CA-9287-9BD80E6FEE33}.Debug|x86.ActiveCfg = Debug|Any CPU
		{0EED76E0-1C27-47CA-9287-9BD80E6FEE33}.Debug|x86.Build.0 = Debug|Any CPU
		{0EED76E0-1C27-47CA-9287-9BD80E6FEE33}.Release|Any CPU.ActiveCfg = Release|Any CPU
		{0EED76E0-1C27-47CA-9287-9BD80E6FEE33}.Release|Any CPU.Build.0 = Release|Any CPU
		{0EED76E0-1C27-47CA-9287-9BD80E6FEE33}.Release|x64.ActiveCfg = Release|Any CPU
		{0EED76E0-1C27-47CA-9287-9BD80E6FEE33}.Release|x64.Build.0 = Release|Any CPU
		{0EED76E0-1C27-47CA-9287-9BD80E6FEE33}.Release|x86.ActiveCfg = Release|Any CPU
		{0EED76E0-1C27-47CA-9287-9BD80E6FEE33}.Release|x86.Build.0 = Release|Any CPU
		{031BF2A0-0423-4A82-B4C9-94007E7323BE}.Debug|Any CPU.ActiveCfg = Debug|Any CPU
		{031BF2A0-0423-4A82-B4C9-94007E7323BE}.Debug|Any CPU.Build.0 = Debug|Any CPU
		{031BF2A0-0423-4A82-B4C9-94007E7323BE}.Debug|x64.ActiveCfg = Debug|Any CPU
		{031BF2A0-0423-4A82-B4C9-94007E7323BE}.Debug|x64.Build.0 = Debug|Any CPU
		{031BF2A0-0423-4A82-B4C9-94007E7323BE}.Debug|x86.ActiveCfg = Debug|Any CPU
		{031BF2A0-0423-4A82-B4C9-94007E7323BE}.Debug|x86.Build.0 = Debug|Any CPU
		{031BF2A0-0423-4A82-B4C9-94007E7323BE}.Release|Any CPU.ActiveCfg = Release|Any CPU
		{031BF2A0-0423-4A82-B4C9-94007E7323BE}.Release|Any CPU.Build.0 = Release|Any CPU
		{031BF2A0-0423-4A82-B4C9-94007E7323BE}.Release|x64.ActiveCfg = Release|Any CPU
		{031BF2A0-0423-4A82-B4C9-94007E7323BE}.Release|x64.Build.0 = Release|Any CPU
		{031BF2A0-0423-4A82-B4C9-94007E7323BE}.Release|x86.ActiveCfg = Release|Any CPU
		{031BF2A0-0423-4A82-B4C9-94007E7323BE}.Release|x86.Build.0 = Release|Any CPU
		{4C361790-245F-4124-A413-A2B0719A638F}.Debug|Any CPU.ActiveCfg = Debug|Any CPU
		{4C361790-245F-4124-A413-A2B0719A638F}.Debug|Any CPU.Build.0 = Debug|Any CPU
		{4C361790-245F-4124-A413-A2B0719A638F}.Debug|x64.ActiveCfg = Debug|Any CPU
		{4C361790-245F-4124-A413-A2B0719A638F}.Debug|x64.Build.0 = Debug|Any CPU
		{4C361790-245F-4124-A413-A2B0719A638F}.Debug|x86.ActiveCfg = Debug|Any CPU
		{4C361790-245F-4124-A413-A2B0719A638F}.Debug|x86.Build.0 = Debug|Any CPU
		{4C361790-245F-4124-A413-A2B0719A638F}.Release|Any CPU.ActiveCfg = Release|Any CPU
		{4C361790-245F-4124-A413-A2B0719A638F}.Release|Any CPU.Build.0 = Release|Any CPU
		{4C361790-245F-4124-A413-A2B0719A638F}.Release|x64.ActiveCfg = Release|Any CPU
		{4C361790-245F-4124-A413-A2B0719A638F}.Release|x64.Build.0 = Release|Any CPU
		{4C361790-245F-4124-A413-A2B0719A638F}.Release|x86.ActiveCfg = Release|Any CPU
		{4C361790-245F-4124-A413-A2B0719A638F}.Release|x86.Build.0 = Release|Any CPU
	EndGlobalSection
	GlobalSection(SolutionProperties) = preSolution
		HideSolutionNode = FALSE
	EndGlobalSection
	GlobalSection(NestedProjects) = preSolution
		{4B221562-4544-4783-A53D-F774D71A0932} = {827E0CD3-B72D-47B6-A68D-7590B98EB39B}
		{F78D052B-4802-434A-850A-2EB6E2C33221} = {0AB3BF05-4346-4AA6-1389-037BE0695223}
		{275767F2-1B8F-41A8-81BD-3F44D5494B3D} = {0AB3BF05-4346-4AA6-1389-037BE0695223}
		{0EED76E0-1C27-47CA-9287-9BD80E6FEE33} = {B36A84DF-456D-A817-6EDD-3EC3E7F6E11F}
		{031BF2A0-0423-4A82-B4C9-94007E7323BE} = {B36A84DF-456D-A817-6EDD-3EC3E7F6E11F}
		{4C361790-245F-4124-A413-A2B0719A638F} = {B36A84DF-456D-A817-6EDD-3EC3E7F6E11F}
	EndGlobalSection
EndGlobal
